
Microsoft Visual Studio Solution File, Format Version 12.00
# Visual Studio 15
VisualStudioVersion = 15.0.28307.106
MinimumVisualStudioVersion = 10.0.40219.1
Project("{8BC9CEB8-8B4A-11D0-8D11-00A0C91BC942}") = "knn_paralel", "knn_paralel\knn_paralel.vcxproj", "{44ADCE2B-AD1E-464D-B27C-C5F6E99232A9}"
EndProject
Global
	GlobalSection(SolutionConfigurationPlatforms) = preSolution
		Debug|x64 = Debug|x64
		Debug|x86 = Debug|x86
		Release|x64 = Release|x64
		Release|x86 = Release|x86
	EndGlobalSection
	GlobalSection(ProjectConfigurationPlatforms) = postSolution
		{44ADCE2B-AD1E-464D-B27C-C5F6E99232A9}.Debug|x64.ActiveCfg = Debug|x64
		{44ADCE2B-AD1E-464D-B27C-C5F6E99232A9}.Debug|x64.Build.0 = Debug|x64
		{44ADCE2B-AD1E-464D-B27C-C5F6E99232A9}.Debug|x86.ActiveCfg = Debug|Win32
		{44ADCE2B-AD1E-464D-B27C-C5F6E99232A9}.Debug|x86.Build.0 = Debug|Win32
		{44ADCE2B-AD1E-464D-B27C-C5F6E99232A9}.Release|x64.ActiveCfg = Release|x64
		{44ADCE2B-AD1E-464D-B27C-C5F6E99232A9}.Release|x64.Build.0 = Release|x64
		{44ADCE2B-AD1E-464D-B27C-C5F6E99232A9}.Release|x86.ActiveCfg = Release|Win32
		{44ADCE2B-AD1E-464D-B27C-C5F6E99232A9}.Release|x86.Build.0 = Release|Win32
	EndGlobalSection
	GlobalSection(SolutionProperties) = preSolution
		HideSolutionNode = FALSE
	EndGlobalSection
	GlobalSection(ExtensibilityGlobals) = postSolution
		SolutionGuid = {8A009BB1-2DDB-4D52-9484-115DFD48E662}
	EndGlobalSection
EndGlobal
